{
  "name": "async-visualization",
  "version": "1.0.0",
  "lockfileVersion": 1,
  "requires": true,
  "dependencies": {
    "tslib": {
      "version": "2.0.3",
      "resolved": "https://registry.npm.taobao.org/tslib/download/tslib-2.0.3.tgz?cache=0&sync_timestamp=1602286724979&other_urls=https%3A%2F%2Fregistry.npm.taobao.org%2Ftslib%2Fdownload%2Ftslib-2.0.3.tgz",
      "integrity": "sha1-jgdBrEX8DCJuWKF7/D5kubxsphw="
    },
    "zone.js": {
      "version": "0.11.3",
      "resolved": "https://registry.npm.taobao.org/zone.js/download/zone.js-0.11.3.tgz",
      "integrity": "sha1-JVpjExdHMcwBTWMjPvBP2YWNo3U=",
      "requires": {
        "tslib": "^2.0.0"
      }
    }
  }
}
